
Microsoft Visual Studio Solution File, Format Version 12.00
# Visual Studio Version 17
VisualStudioVersion = 17.8.34322.80
MinimumVisualStudioVersion = 10.0.40219.1
Project("{9A19103F-16F7-4668-BE54-9A1E7A4F7556}") = "Sales.Domain", "Sales.Domain\Sales.Domain.csproj", "{8CA95A94-F7C0-43E9-BF08-30E443055B6D}"
EndProject
Project("{9A19103F-16F7-4668-BE54-9A1E7A4F7556}") = "Sales.Infraestructure", "Sales.Infraestructure\Sales.Infraestructure.csproj", "{C6CF7169-2C08-4E05-A63F-C5AA3FBAA1EB}"
EndProject
Project("{FAE04EC0-301F-11D3-BF4B-00C04F79EFBC}") = "Sales.AppServices", "Sales.AppServices\Sales.AppServices.csproj", "{6560D67E-BE74-4C6A-9C71-382AE866234D}"
EndProject
Global
	GlobalSection(SolutionConfigurationPlatforms) = preSolution
		Debug|Any CPU = Debug|Any CPU
		Release|Any CPU = Release|Any CPU
	EndGlobalSection
	GlobalSection(ProjectConfigurationPlatforms) = postSolution
		{8CA95A94-F7C0-43E9-BF08-30E443055B6D}.Debug|Any CPU.ActiveCfg = Debug|Any CPU
		{8CA95A94-F7C0-43E9-BF08-30E443055B6D}.Debug|Any CPU.Build.0 = Debug|Any CPU
		{8CA95A94-F7C0-43E9-BF08-30E443055B6D}.Release|Any CPU.ActiveCfg = Release|Any CPU
		{8CA95A94-F7C0-43E9-BF08-30E443055B6D}.Release|Any CPU.Build.0 = Release|Any CPU
		{C6CF7169-2C08-4E05-A63F-C5AA3FBAA1EB}.Debug|Any CPU.ActiveCfg = Debug|Any CPU
		{C6CF7169-2C08-4E05-A63F-C5AA3FBAA1EB}.Debug|Any CPU.Build.0 = Debug|Any CPU
		{C6CF7169-2C08-4E05-A63F-C5AA3FBAA1EB}.Release|Any CPU.ActiveCfg = Release|Any CPU
		{C6CF7169-2C08-4E05-A63F-C5AA3FBAA1EB}.Release|Any CPU.Build.0 = Release|Any CPU
		{6560D67E-BE74-4C6A-9C71-382AE866234D}.Debug|Any CPU.ActiveCfg = Debug|Any CPU
		{6560D67E-BE74-4C6A-9C71-382AE866234D}.Debug|Any CPU.Build.0 = Debug|Any CPU
		{6560D67E-BE74-4C6A-9C71-382AE866234D}.Release|Any CPU.ActiveCfg = Release|Any CPU
		{6560D67E-BE74-4C6A-9C71-382AE866234D}.Release|Any CPU.Build.0 = Release|Any CPU
	EndGlobalSection
	GlobalSection(SolutionProperties) = preSolution
		HideSolutionNode = FALSE
	EndGlobalSection
	GlobalSection(ExtensibilityGlobals) = postSolution
		SolutionGuid = {7C449BD4-D626-4660-8275-A3019A99E096}
	EndGlobalSection
EndGlobal
